<?xml version="1.0" encoding="utf-8"?>
<Project ToolsVersion="4.0" xmlns="http://schemas.microsoft.com/developer/msbuild/2003">
  <ItemGroup>
    <Filter Include="源文件">
      <UniqueIdentifier>{4FC737F1-C7A5-4376-A066-2A32D752A2FF}</UniqueIdentifier>
      <Extensions>cpp;c;cc;cxx;def;odl;idl;hpj;bat;asm;asmx</Extensions>
    </Filter>
    <Filter Include="头文件">
      <UniqueIdentifier>{93995380-89BD-4b04-88EB-625FBE52EBFB}</UniqueIdentifier>
      <Extensions>h;hh;hpp;hxx;hm;inl;inc;ipp;xsd</Extensions>
    </Filter>
    <Filter Include="资源文件">
      <UniqueIdentifier>{67DA6AB6-F800-4c08-8B7A-83BB121AAD01}</UniqueIdentifier>
      <Extensions>rc;ico;cur;bmp;dlg;rc2;rct;bin;rgs;gif;jpg;jpeg;jpe;resx;tiff;tif;png;wav;mfcribbon-ms</Extensions>
    </Filter>
    <Filter Include="test">
      <UniqueIdentifier>{b08f23cc-5102-43a0-9592-b74c2367b326}</UniqueIdentifier>
    </Filter>
    <Filter Include="lualib">
      <UniqueIdentifier>{687ced1d-897f-4555-bd7b-f22aa2e13a3c}</UniqueIdentifier>
    </Filter>
  </ItemGroup>
  <ItemGroup>
    <ClCompile Include="..\luaclib\lraft.cpp">
      <Filter>源文件</Filter>
    </ClCompile>
    <ClCompile Include="..\luaclib\lutils.cpp">
      <Filter>源文件</Filter>
    </ClCompile>
    <ClCompile Include="..\luaclib\lraft.pb.cpp">
      <Filter>源文件</Filter>
    </ClCompile>
    <ClCompile Include="..\luaclib\lstorage.cpp">
      <Filter>源文件</Filter>
    </ClCompile>
    <ClCompile Include="..\luaclib\lready.cpp">
      <Filter>源文件</Filter>
    </ClCompile>
    <ClCompile Include="..\luaclib\luint64.cpp">
      <Filter>源文件</Filter>
    </ClCompile>
  </ItemGroup>
  <ItemGroup>
    <ClInclude Include="..\luaclib\lutils.hpp">
      <Filter>头文件</Filter>
    </ClInclude>
    <ClInclude Include="..\luaclib\lstorage.hpp">
      <Filter>源文件</Filter>
    </ClInclude>
  </ItemGroup>
  <ItemGroup>
    <None Include="..\test\test.lua">
      <Filter>test</Filter>
    </None>
    <None Include="..\test\ldbstorage_test.lua">
      <Filter>test</Filter>
    </None>
    <None Include="..\lualib\ldbstorage.lua">
      <Filter>lualib</Filter>
    </None>
  </ItemGroup>
</Project>