<?xml version="1.0" encoding="utf-8"?>
<Project ToolsVersion="4.0" xmlns="http://schemas.microsoft.com/developer/msbuild/2003">
  <ItemGroup>
    <Filter Include="源文件">
      <UniqueIdentifier>{4FC737F1-C7A5-4376-A066-2A32D752A2FF}</UniqueIdentifier>
      <Extensions>cpp;c;cc;cxx;def;odl;idl;hpj;bat;asm;asmx</Extensions>
    </Filter>
    <Filter Include="头文件">
      <UniqueIdentifier>{93995380-89BD-4b04-88EB-625FBE52EBFB}</UniqueIdentifier>
      <Extensions>h;hh;hpp;hxx;hm;inl;inc;ipp;xsd</Extensions>
    </Filter>
    <Filter Include="raftpb">
      <UniqueIdentifier>{31a8b492-04ab-4184-93f0-2c15f820bd43}</UniqueIdentifier>
    </Filter>
  </ItemGroup>
  <ItemGroup>
    <ClCompile Include="..\src\raft.pb.cc">
      <Filter>源文件</Filter>
    </ClCompile>
    <ClCompile Include="..\src\raft_log.cpp">
      <Filter>源文件</Filter>
    </ClCompile>
    <ClCompile Include="..\src\utils.cpp">
      <Filter>源文件</Filter>
    </ClCompile>
    <ClCompile Include="..\src\log_unstable.cpp">
      <Filter>源文件</Filter>
    </ClCompile>
    <ClCompile Include="..\src\progress.cpp">
      <Filter>源文件</Filter>
    </ClCompile>
    <ClCompile Include="..\src\read_only.cpp">
      <Filter>源文件</Filter>
    </ClCompile>
    <ClCompile Include="..\src\raft.cpp">
      <Filter>源文件</Filter>
    </ClCompile>
    <ClCompile Include="..\src\storage.cpp">
      <Filter>源文件</Filter>
    </ClCompile>
    <ClCompile Include="..\src\logger.cpp">
      <Filter>源文件</Filter>
    </ClCompile>
    <ClCompile Include="..\src\rawnode.cpp">
      <Filter>源文件</Filter>
    </ClCompile>
    <ClCompile Include="..\src\node.cpp">
      <Filter>源文件</Filter>
    </ClCompile>
    <ClCompile Include="..\src\status.cpp">
      <Filter>源文件</Filter>
    </ClCompile>
    <ClCompile Include="..\src\entrys.cpp">
      <Filter>源文件</Filter>
    </ClCompile>
  </ItemGroup>
  <ItemGroup>
    <ClInclude Include="..\include\raft\read_only.hpp">
      <Filter>头文件</Filter>
    </ClInclude>
    <ClInclude Include="..\include\raft\raft.hpp">
      <Filter>头文件</Filter>
    </ClInclude>
    <ClInclude Include="..\include\raft\storage.hpp">
      <Filter>头文件</Filter>
    </ClInclude>
    <ClInclude Include="..\include\raft\logger.hpp">
      <Filter>头文件</Filter>
    </ClInclude>
    <ClInclude Include="..\include\raft\rawnode.hpp">
      <Filter>头文件</Filter>
    </ClInclude>
    <ClInclude Include="..\include\raft\node.hpp">
      <Filter>头文件</Filter>
    </ClInclude>
    <ClInclude Include="..\include\raft\status.hpp">
      <Filter>头文件</Filter>
    </ClInclude>
    <ClInclude Include="..\include\raft\entrys.hpp">
      <Filter>头文件</Filter>
    </ClInclude>
    <ClInclude Include="..\include\raft\log_unstable.hpp">
      <Filter>头文件</Filter>
    </ClInclude>
    <ClInclude Include="..\include\raft\progress.hpp">
      <Filter>头文件</Filter>
    </ClInclude>
    <ClInclude Include="..\include\raft\raft_log.hpp">
      <Filter>头文件</Filter>
    </ClInclude>
    <ClInclude Include="..\include\raft\utils.hpp">
      <Filter>头文件</Filter>
    </ClInclude>
  </ItemGroup>
  <ItemGroup>
    <None Include="..\src\raftpb\raft.proto">
      <Filter>raftpb</Filter>
    </None>
  </ItemGroup>
</Project>